{
  "R": {
    "Version": "4.4.3",
    "Repositories": [
      {
        "Name": "CRAN",
        "URL": "https://cloud.r-project.org"
      }
    ]
  },
  "Packages": {
    "MASS": {
      "Package": "MASS",
      "Version": "7.3-64",
      "Source": "Repository",
      "Repository": "CRAN",
      "Requirements": [
        "R",
        "grDevices",
        "graphics",
        "methods",
        "stats",
        "utils"
      ],
      "Hash": "49d2d8090b74c1179df1aff16201caf8"
    },
    "renv": {
      "Package": "renv",
      "Version": "1.0.10",
      "Source": "Repository",
      "Repository": "CRAN",
      "Requirements": [
        "utils"
      ],
      "Hash": "d0387d5687ec933dd7587efd4cfa2d85"
    }
  }
}
